
Microsoft Visual Studio Solution File, Format Version 12.00
# Visual Studio Express 2012 for Windows Desktop
Project("{FAE04EC0-301F-11D3-BF4B-00C04F79EFBC}") = "ModifyLastBackupDate", "ModifyLastBackupDate\ModifyLastBackupDate.csproj", "{A26DB0A4-661C-4AA9-B8AD-EA57E7BEC719}"
EndProject
Global
	GlobalSection(SolutionConfigurationPlatforms) = preSolution
		Debug|Any CPU = Debug|Any CPU
		Release|Any CPU = Release|Any CPU
	EndGlobalSection
	GlobalSection(ProjectConfigurationPlatforms) = postSolution
		{A26DB0A4-661C-4AA9-B8AD-EA57E7BEC719}.Debug|Any CPU.ActiveCfg = Debug|Any CPU
		{A26DB0A4-661C-4AA9-B8AD-EA57E7BEC719}.Debug|Any CPU.Build.0 = Debug|Any CPU
		{A26DB0A4-661C-4AA9-B8AD-EA57E7BEC719}.Release|Any CPU.ActiveCfg = Release|Any CPU
		{A26DB0A4-661C-4AA9-B8AD-EA57E7BEC719}.Release|Any CPU.Build.0 = Release|Any CPU
	EndGlobalSection
	GlobalSection(SolutionProperties) = preSolution
		HideSolutionNode = FALSE
	EndGlobalSection
EndGlobal
